
Microsoft Visual Studio Solution File, Format Version 12.00
# Visual Studio Version 17
VisualStudioVersion = 17.8.34322.80
MinimumVisualStudioVersion = 10.0.40219.1
Project("{9A19103F-16F7-4668-BE54-9A1E7A4F7556}") = "Validate_XML_XSD", "WinFormsApp1\Validate_XML_XSD.csproj", "{A8506F8A-4583-4B4D-9A5A-24114704D655}"
EndProject
Global
	GlobalSection(SolutionConfigurationPlatforms) = preSolution
		Debug|Any CPU = Debug|Any CPU
		Release|Any CPU = Release|Any CPU
	EndGlobalSection
	GlobalSection(ProjectConfigurationPlatforms) = postSolution
		{A8506F8A-4583-4B4D-9A5A-24114704D655}.Debug|Any CPU.ActiveCfg = Debug|Any CPU
		{A8506F8A-4583-4B4D-9A5A-24114704D655}.Debug|Any CPU.Build.0 = Debug|Any CPU
		{A8506F8A-4583-4B4D-9A5A-24114704D655}.Release|Any CPU.ActiveCfg = Release|Any CPU
		{A8506F8A-4583-4B4D-9A5A-24114704D655}.Release|Any CPU.Build.0 = Release|Any CPU
	EndGlobalSection
	GlobalSection(SolutionProperties) = preSolution
		HideSolutionNode = FALSE
	EndGlobalSection
	GlobalSection(ExtensibilityGlobals) = postSolution
		SolutionGuid = {AFEBD048-F6AA-4181-A794-256EABEF1939}
	EndGlobalSection
EndGlobal
